
Microsoft Visual Studio Solution File, Format Version 12.00
# Visual Studio Version 16
VisualStudioVersion = 16.0.30114.105
MinimumVisualStudioVersion = 10.0.40219.1
Project("{2150E333-8FDC-42A3-9474-1A3956D46DE8}") = "Source", "Source", "{FCA3F13E-263B-42FC-99F6-FC8EAEB35FFD}"
EndProject
Project("{FAE04EC0-301F-11D3-BF4B-00C04F79EFBC}") = "BeastRaiderAlbionBot.Service", "Source\Service\BeastRaiderAlbionBot.Service.csproj", "{764758F8-AF8C-46DF-87C7-4E9E5A2E5742}"
EndProject
Global
	GlobalSection(SolutionConfigurationPlatforms) = preSolution
		Debug|Any CPU = Debug|Any CPU
		Release|Any CPU = Release|Any CPU
	EndGlobalSection
	GlobalSection(SolutionProperties) = preSolution
		HideSolutionNode = FALSE
	EndGlobalSection
	GlobalSection(ProjectConfigurationPlatforms) = postSolution
		{764758F8-AF8C-46DF-87C7-4E9E5A2E5742}.Debug|Any CPU.ActiveCfg = Debug|Any CPU
		{764758F8-AF8C-46DF-87C7-4E9E5A2E5742}.Debug|Any CPU.Build.0 = Debug|Any CPU
		{764758F8-AF8C-46DF-87C7-4E9E5A2E5742}.Release|Any CPU.ActiveCfg = Release|Any CPU
		{764758F8-AF8C-46DF-87C7-4E9E5A2E5742}.Release|Any CPU.Build.0 = Release|Any CPU
	EndGlobalSection
	GlobalSection(NestedProjects) = preSolution
		{764758F8-AF8C-46DF-87C7-4E9E5A2E5742} = {FCA3F13E-263B-42FC-99F6-FC8EAEB35FFD}
	EndGlobalSection
EndGlobal
